
Microsoft Visual Studio Solution File, Format Version 12.00
# Visual Studio Version 16
VisualStudioVersion = 16.0.31019.35
MinimumVisualStudioVersion = 10.0.40219.1
Project("{9A19103F-16F7-4668-BE54-9A1E7A4F7556}") = "UnitTests", "UnitTests.csproj", "{A3165143-EAE6-44DA-A7F7-E96DB4A2D0A0}"
EndProject
Project("{FAE04EC0-301F-11D3-BF4B-00C04F79EFBC}") = "MyLib", "MyLib\MyLib.csproj", "{09252D65-EB79-41A5-AB92-C49426A96184}"
EndProject
Global
	GlobalSection(SolutionConfigurationPlatforms) = preSolution
		Debug|Any CPU = Debug|Any CPU
		Release|Any CPU = Release|Any CPU
	EndGlobalSection
	GlobalSection(ProjectConfigurationPlatforms) = postSolution
		{A3165143-EAE6-44DA-A7F7-E96DB4A2D0A0}.Debug|Any CPU.ActiveCfg = Debug|Any CPU
		{A3165143-EAE6-44DA-A7F7-E96DB4A2D0A0}.Debug|Any CPU.Build.0 = Debug|Any CPU
		{A3165143-EAE6-44DA-A7F7-E96DB4A2D0A0}.Release|Any CPU.ActiveCfg = Release|Any CPU
		{A3165143-EAE6-44DA-A7F7-E96DB4A2D0A0}.Release|Any CPU.Build.0 = Release|Any CPU
		{09252D65-EB79-41A5-AB92-C49426A96184}.Debug|Any CPU.ActiveCfg = Debug|Any CPU
		{09252D65-EB79-41A5-AB92-C49426A96184}.Debug|Any CPU.Build.0 = Debug|Any CPU
		{09252D65-EB79-41A5-AB92-C49426A96184}.Release|Any CPU.ActiveCfg = Release|Any CPU
		{09252D65-EB79-41A5-AB92-C49426A96184}.Release|Any CPU.Build.0 = Release|Any CPU
	EndGlobalSection
	GlobalSection(SolutionProperties) = preSolution
		HideSolutionNode = FALSE
	EndGlobalSection
	GlobalSection(ExtensibilityGlobals) = postSolution
		SolutionGuid = {68CF139B-433F-4A66-B25B-8FD2769002B0}
	EndGlobalSection
EndGlobal
